
Microsoft Visual Studio Solution File, Format Version 12.00
# Visual Studio Version 17
VisualStudioVersion = 17.14.36623.8 d17.14
MinimumVisualStudioVersion = 10.0.40219.1
Project("{FAE04EC0-301F-11D3-BF4B-00C04F79EFBC}") = "MethodsAndObjectsAssignment", "MethodsAndObjectsAssignment\MethodsAndObjectsAssignment.csproj", "{52755F0F-86C0-415E-8A51-0C7081942415}"
EndProject
Global
	GlobalSection(SolutionConfigurationPlatforms) = preSolution
		Debug|Any CPU = Debug|Any CPU
		Release|Any CPU = Release|Any CPU
	EndGlobalSection
	GlobalSection(ProjectConfigurationPlatforms) = postSolution
		{52755F0F-86C0-415E-8A51-0C7081942415}.Debug|Any CPU.ActiveCfg = Debug|Any CPU
		{52755F0F-86C0-415E-8A51-0C7081942415}.Debug|Any CPU.Build.0 = Debug|Any CPU
		{52755F0F-86C0-415E-8A51-0C7081942415}.Release|Any CPU.ActiveCfg = Release|Any CPU
		{52755F0F-86C0-415E-8A51-0C7081942415}.Release|Any CPU.Build.0 = Release|Any CPU
	EndGlobalSection
	GlobalSection(SolutionProperties) = preSolution
		HideSolutionNode = FALSE
	EndGlobalSection
	GlobalSection(ExtensibilityGlobals) = postSolution
		SolutionGuid = {55AAF18C-412A-4407-A485-0906AE83D64A}
	EndGlobalSection
EndGlobal
