
Microsoft Visual Studio Solution File, Format Version 12.00
# Visual Studio Version 17
VisualStudioVersion = 17.14.36623.8 d17.14
MinimumVisualStudioVersion = 10.0.40219.1
Project("{FAE04EC0-301F-11D3-BF4B-00C04F79EFBC}") = "method_assignment", "method_assignment\method_assignment.csproj", "{A002BE03-C201-4808-AA7D-C8574F88EF8E}"
EndProject
Global
	GlobalSection(SolutionConfigurationPlatforms) = preSolution
		Debug|Any CPU = Debug|Any CPU
		Release|Any CPU = Release|Any CPU
	EndGlobalSection
	GlobalSection(ProjectConfigurationPlatforms) = postSolution
		{A002BE03-C201-4808-AA7D-C8574F88EF8E}.Debug|Any CPU.ActiveCfg = Debug|Any CPU
		{A002BE03-C201-4808-AA7D-C8574F88EF8E}.Debug|Any CPU.Build.0 = Debug|Any CPU
		{A002BE03-C201-4808-AA7D-C8574F88EF8E}.Release|Any CPU.ActiveCfg = Release|Any CPU
		{A002BE03-C201-4808-AA7D-C8574F88EF8E}.Release|Any CPU.Build.0 = Release|Any CPU
	EndGlobalSection
	GlobalSection(SolutionProperties) = preSolution
		HideSolutionNode = FALSE
	EndGlobalSection
	GlobalSection(ExtensibilityGlobals) = postSolution
		SolutionGuid = {6F84C7EB-5CD2-44DD-B2AE-2ACECCCB3D1E}
	EndGlobalSection
EndGlobal
