
Microsoft Visual Studio Solution File, Format Version 12.00
# Visual Studio Version 17
VisualStudioVersion = 17.14.36623.8 d17.14
MinimumVisualStudioVersion = 10.0.40219.1
Project("{FAE04EC0-301F-11D3-BF4B-00C04F79EFBC}") = "ConstructorChaining", "ConstructorChaining\ConstructorChaining.csproj", "{A93FCBC1-110D-49F2-8726-B55C3282840A}"
EndProject
Global
	GlobalSection(SolutionConfigurationPlatforms) = preSolution
		Debug|Any CPU = Debug|Any CPU
		Release|Any CPU = Release|Any CPU
	EndGlobalSection
	GlobalSection(ProjectConfigurationPlatforms) = postSolution
		{A93FCBC1-110D-49F2-8726-B55C3282840A}.Debug|Any CPU.ActiveCfg = Debug|Any CPU
		{A93FCBC1-110D-49F2-8726-B55C3282840A}.Debug|Any CPU.Build.0 = Debug|Any CPU
		{A93FCBC1-110D-49F2-8726-B55C3282840A}.Release|Any CPU.ActiveCfg = Release|Any CPU
		{A93FCBC1-110D-49F2-8726-B55C3282840A}.Release|Any CPU.Build.0 = Release|Any CPU
	EndGlobalSection
	GlobalSection(SolutionProperties) = preSolution
		HideSolutionNode = FALSE
	EndGlobalSection
	GlobalSection(ExtensibilityGlobals) = postSolution
		SolutionGuid = {3D5A3AEC-8CBB-41B3-966E-24982F131DA4}
	EndGlobalSection
EndGlobal
