
Microsoft Visual Studio Solution File, Format Version 12.00
# Visual Studio Version 17
VisualStudioVersion = 17.14.36623.8 d17.14
MinimumVisualStudioVersion = 10.0.40219.1
Project("{FAE04EC0-301F-11D3-BF4B-00C04F79EFBC}") = "Anonymous-Income-Comparison-Program", "Anonymous-Income-Comparison-Program\Anonymous-Income-Comparison-Program.csproj", "{EA8998B7-BDA6-4F73-93A4-1066FEDB2B7B}"
EndProject
Global
	GlobalSection(SolutionConfigurationPlatforms) = preSolution
		Debug|Any CPU = Debug|Any CPU
		Release|Any CPU = Release|Any CPU
	EndGlobalSection
	GlobalSection(ProjectConfigurationPlatforms) = postSolution
		{EA8998B7-BDA6-4F73-93A4-1066FEDB2B7B}.Debug|Any CPU.ActiveCfg = Debug|Any CPU
		{EA8998B7-BDA6-4F73-93A4-1066FEDB2B7B}.Debug|Any CPU.Build.0 = Debug|Any CPU
		{EA8998B7-BDA6-4F73-93A4-1066FEDB2B7B}.Release|Any CPU.ActiveCfg = Release|Any CPU
		{EA8998B7-BDA6-4F73-93A4-1066FEDB2B7B}.Release|Any CPU.Build.0 = Release|Any CPU
	EndGlobalSection
	GlobalSection(SolutionProperties) = preSolution
		HideSolutionNode = FALSE
	EndGlobalSection
	GlobalSection(ExtensibilityGlobals) = postSolution
		SolutionGuid = {694A7399-A9BA-4F29-8514-D095B704F7C8}
	EndGlobalSection
EndGlobal
