
Microsoft Visual Studio Solution File, Format Version 12.00
# Visual Studio Version 17
VisualStudioVersion = 17.14.36623.8 d17.14
MinimumVisualStudioVersion = 10.0.40219.1
Project("{FAE04EC0-301F-11D3-BF4B-00C04F79EFBC}") = "GenericParameterAssignment", "GenericParameterAssignment\GenericParameterAssignment.csproj", "{F7E0F497-0096-464D-9695-20A958BAA902}"
EndProject
Global
	GlobalSection(SolutionConfigurationPlatforms) = preSolution
		Debug|Any CPU = Debug|Any CPU
		Release|Any CPU = Release|Any CPU
	EndGlobalSection
	GlobalSection(ProjectConfigurationPlatforms) = postSolution
		{F7E0F497-0096-464D-9695-20A958BAA902}.Debug|Any CPU.ActiveCfg = Debug|Any CPU
		{F7E0F497-0096-464D-9695-20A958BAA902}.Debug|Any CPU.Build.0 = Debug|Any CPU
		{F7E0F497-0096-464D-9695-20A958BAA902}.Release|Any CPU.ActiveCfg = Release|Any CPU
		{F7E0F497-0096-464D-9695-20A958BAA902}.Release|Any CPU.Build.0 = Release|Any CPU
	EndGlobalSection
	GlobalSection(SolutionProperties) = preSolution
		HideSolutionNode = FALSE
	EndGlobalSection
	GlobalSection(ExtensibilityGlobals) = postSolution
		SolutionGuid = {DA9FB5C4-51DA-4112-81E3-9929EEE9E24C}
	EndGlobalSection
EndGlobal
